
Microsoft Visual Studio Solution File, Format Version 12.00
# Visual Studio Version 17
VisualStudioVersion = 17.2.32602.215
MinimumVisualStudioVersion = 10.0.40219.1
Project("{2150E333-8FDC-42A3-9474-1A3956D46DE8}") = "Solution Items", "Solution Items", "{F62C28AD-7F05-4BA7-8466-7DD687C1D49F}"
	ProjectSection(SolutionItems) = preProject
		.gitignore = .gitignore
		src\NBack.Common.props = src\NBack.Common.props
		src\NBack.Ports.Common.props = src\NBack.Ports.Common.props
	EndProjectSection
EndProject
Project("{9A19103F-16F7-4668-BE54-9A1E7A4F7556}") = "Core", "src\Core\Core.csproj", "{F29C01EA-2F7B-4EBF-83AF-D0F5A19113D3}"
EndProject
Project("{9A19103F-16F7-4668-BE54-9A1E7A4F7556}") = "ValueTuple", "src\ValueTuple\ValueTuple.csproj", "{6DE7207C-F3E0-40B1-9355-6AEE3BECBF02}"
EndProject
Project("{2150E333-8FDC-42A3-9474-1A3956D46DE8}") = "Test", "Test", "{2C56B006-A720-40AF-8753-59E57EA27C2B}"
EndProject
Project("{9A19103F-16F7-4668-BE54-9A1E7A4F7556}") = "NBack.Tests", "tests\NBack.Tests.csproj", "{CEA9DF47-F531-4CAC-8AAA-FB58727AF9FA}"
EndProject
Global
	GlobalSection(SolutionConfigurationPlatforms) = preSolution
		Debug|Any CPU = Debug|Any CPU
		Release|Any CPU = Release|Any CPU
	EndGlobalSection
	GlobalSection(ProjectConfigurationPlatforms) = postSolution
		{F29C01EA-2F7B-4EBF-83AF-D0F5A19113D3}.Debug|Any CPU.ActiveCfg = Debug|Any CPU
		{F29C01EA-2F7B-4EBF-83AF-D0F5A19113D3}.Debug|Any CPU.Build.0 = Debug|Any CPU
		{F29C01EA-2F7B-4EBF-83AF-D0F5A19113D3}.Release|Any CPU.ActiveCfg = Release|Any CPU
		{F29C01EA-2F7B-4EBF-83AF-D0F5A19113D3}.Release|Any CPU.Build.0 = Release|Any CPU
		{6DE7207C-F3E0-40B1-9355-6AEE3BECBF02}.Debug|Any CPU.ActiveCfg = Debug|Any CPU
		{6DE7207C-F3E0-40B1-9355-6AEE3BECBF02}.Debug|Any CPU.Build.0 = Debug|Any CPU
		{6DE7207C-F3E0-40B1-9355-6AEE3BECBF02}.Release|Any CPU.ActiveCfg = Release|Any CPU
		{6DE7207C-F3E0-40B1-9355-6AEE3BECBF02}.Release|Any CPU.Build.0 = Release|Any CPU
		{CEA9DF47-F531-4CAC-8AAA-FB58727AF9FA}.Debug|Any CPU.ActiveCfg = Debug|Any CPU
		{CEA9DF47-F531-4CAC-8AAA-FB58727AF9FA}.Debug|Any CPU.Build.0 = Debug|Any CPU
		{CEA9DF47-F531-4CAC-8AAA-FB58727AF9FA}.Release|Any CPU.ActiveCfg = Release|Any CPU
		{CEA9DF47-F531-4CAC-8AAA-FB58727AF9FA}.Release|Any CPU.Build.0 = Release|Any CPU
	EndGlobalSection
	GlobalSection(SolutionProperties) = preSolution
		HideSolutionNode = FALSE
	EndGlobalSection
	GlobalSection(NestedProjects) = preSolution
		{CEA9DF47-F531-4CAC-8AAA-FB58727AF9FA} = {2C56B006-A720-40AF-8753-59E57EA27C2B}
	EndGlobalSection
	GlobalSection(ExtensibilityGlobals) = postSolution
		SolutionGuid = {08A46DC7-B5C3-4877-B3F6-1C5092C0A36A}
	EndGlobalSection
EndGlobal
